
Microsoft Visual Studio Solution File, Format Version 11.00
# Visual C# Express 2010
Project("{FAE04EC0-301F-11D3-BF4B-00C04F79EFBC}") = "CompareTo(Consola)", "CompareTo(Consola)\CompareTo(Consola).csproj", "{BE495ED1-2343-4C7F-812F-5A64CABE8F53}"
EndProject
Global
	GlobalSection(SolutionConfigurationPlatforms) = preSolution
		Debug|x86 = Debug|x86
		Release|x86 = Release|x86
	EndGlobalSection
	GlobalSection(ProjectConfigurationPlatforms) = postSolution
		{BE495ED1-2343-4C7F-812F-5A64CABE8F53}.Debug|x86.ActiveCfg = Debug|x86
		{BE495ED1-2343-4C7F-812F-5A64CABE8F53}.Debug|x86.Build.0 = Debug|x86
		{BE495ED1-2343-4C7F-812F-5A64CABE8F53}.Release|x86.ActiveCfg = Release|x86
		{BE495ED1-2343-4C7F-812F-5A64CABE8F53}.Release|x86.Build.0 = Release|x86
	EndGlobalSection
	GlobalSection(SolutionProperties) = preSolution
		HideSolutionNode = FALSE
	EndGlobalSection
EndGlobal
